// !$*UTF8*$!
{
	archiveVersion = 1;
	classes = {
	};
	objectVersion = 55;
	objects = {

/* Begin PBXBuildFile section */
		D0819826283B459B0061B76F /* Expense_TrackerApp.swift in Sources */ = {isa = PBXBuildFile; fileRef = D0819825283B459B0061B76F /* Expense_TrackerApp.swift */; };
		D0819828283B459B0061B76F /* ContentView.swift in Sources */ = {isa = PBXBuildFile; fileRef = D0819827283B459B0061B76F /* ContentView.swift */; };
		D081982A283B459E0061B76F /* Assets.xcassets in Resources */ = {isa = PBXBuildFile; fileRef = D0819829283B459E0061B76F /* Assets.xcassets */; };
		D081982D283B459E0061B76F /* Preview Assets.xcassets in Resources */ = {isa = PBXBuildFile; fileRef = D081982C283B459E0061B76F /* Preview Assets.xcassets */; };
		D0819834283B47C40061B76F /* Extensions.swift in Sources */ = {isa = PBXBuildFile; fileRef = D0819833283B47C40061B76F /* Extensions.swift */; };
		D0819836283B4CEE0061B76F /* TransactionModel.swift in Sources */ = {isa = PBXBuildFile; fileRef = D0819835283B4CEE0061B76F /* TransactionModel.swift */; };
		D0819838283B4E2F0061B76F /* PreviewData.swift in Sources */ = {isa = PBXBuildFile; fileRef = D0819837283B4E2F0061B76F /* PreviewData.swift */; };
		D081983A283B4F430061B76F /* TransactionRow.swift in Sources */ = {isa = PBXBuildFile; fileRef = D0819839283B4F430061B76F /* TransactionRow.swift */; };
		D081983D283B58800061B76F /* SwiftUIFontIcon in Frameworks */ = {isa = PBXBuildFile; productRef = D081983C283B58800061B76F /* SwiftUIFontIcon */; };
		D081983F283B59A60061B76F /* TransactionListViewModel.swift in Sources */ = {isa = PBXBuildFile; fileRef = D081983E283B59A60061B76F /* TransactionListViewModel.swift */; };
		D0819841283B68C10061B76F /* RecentTransactionList.swift in Sources */ = {isa = PBXBuildFile; fileRef = D0819840283B68C10061B76F /* RecentTransactionList.swift */; };
		D0819843283B75F70061B76F /* TransactionList.swift in Sources */ = {isa = PBXBuildFile; fileRef = D0819842283B75F70061B76F /* TransactionList.swift */; };
		D081984A283B7D870061B76F /* SwiftUICharts in Frameworks */ = {isa = PBXBuildFile; productRef = D0819849283B7D870061B76F /* SwiftUICharts */; };
		D081984D283B7F890061B76F /* Collections in Frameworks */ = {isa = PBXBuildFile; productRef = D081984C283B7F890061B76F /* Collections */; };
/* End PBXBuildFile section */

/* Begin PBXFileReference section */
		D0819822283B459B0061B76F /* Expense Tracker.app */ = {isa = PBXFileReference; explicitFileType = wrapper.application; includeInIndex = 0; path = "Expense Tracker.app"; sourceTree = BUILT_PRODUCTS_DIR; };
		D0819825283B459B0061B76F /* Expense_TrackerApp.swift */ = {isa = PBXFileReference; lastKnownFileType = sourcecode.swift; path = Expense_TrackerApp.swift; sourceTree = "<group>"; };
		D0819827283B459B0061B76F /* ContentView.swift */ = {isa = PBXFileReference; lastKnownFileType = sourcecode.swift; path = ContentView.swift; sourceTree = "<group>"; };
		D0819829283B459E0061B76F /* Assets.xcassets */ = {isa = PBXFileReference; lastKnownFileType = folder.assetcatalog; path = Assets.xcassets; sourceTree = "<group>"; };
		D081982C283B459E0061B76F /* Preview Assets.xcassets */ = {isa = PBXFileReference; lastKnownFileType = folder.assetcatalog; path = "Preview Assets.xcassets"; sourceTree = "<group>"; };
		D0819833283B47C40061B76F /* Extensions.swift */ = {isa = PBXFileReference; lastKnownFileType = sourcecode.swift; path = Extensions.swift; sourceTree = "<group>"; };
		D0819835283B4CEE0061B76F /* TransactionModel.swift */ = {isa = PBXFileReference; lastKnownFileType = sourcecode.swift; path = TransactionModel.swift; sourceTree = "<group>"; };
		D0819837283B4E2F0061B76F /* PreviewData.swift */ = {isa = PBXFileReference; lastKnownFileType = sourcecode.swift; path = PreviewData.swift; sourceTree = "<group>"; };
		D0819839283B4F430061B76F /* TransactionRow.swift */ = {isa = PBXFileReference; lastKnownFileType = sourcecode.swift; path = TransactionRow.swift; sourceTree = "<group>"; };
		D081983E283B59A60061B76F /* TransactionListViewModel.swift */ = {isa = PBXFileReference; lastKnownFileType = sourcecode.swift; path = TransactionListViewModel.swift; sourceTree = "<group>"; };
		D0819840283B68C10061B76F /* RecentTransactionList.swift */ = {isa = PBXFileReference; lastKnownFileType = sourcecode.swift; path = RecentTransactionList.swift; sourceTree = "<group>"; };
		D0819842283B75F70061B76F /* TransactionList.swift */ = {isa = PBXFileReference; lastKnownFileType = sourcecode.swift; path = TransactionList.swift; sourceTree = "<group>"; };
/* End PBXFileReference section */

/* Begin PBXFrameworksBuildPhase section */
		D081981F283B459B0061B76F /* Frameworks */ = {
			isa = PBXFrameworksBuildPhase;
			buildActionMask = 2147483647;
			files = (
				D081984D283B7F890061B76F /* Collections in Frameworks */,
				D081984A283B7D870061B76F /* SwiftUICharts in Frameworks */,
				D081983D283B58800061B76F /* SwiftUIFontIcon in Frameworks */,
			);
			runOnlyForDeploymentPostprocessing = 0;
		};
/* End PBXFrameworksBuildPhase section */

/* Begin PBXGroup section */
		D0819819283B459B0061B76F = {
			isa = PBXGroup;
			children = (
				D0819824283B459B0061B76F /* Expense Tracker */,
				D0819823283B459B0061B76F /* Products */,
			);
			sourceTree = "<group>";
		};
		D0819823283B459B0061B76F /* Products */ = {
			isa = PBXGroup;
			children = (
				D0819822283B459B0061B76F /* Expense Tracker.app */,
			);
			name = Products;
			sourceTree = "<group>";
		};
		D0819824283B459B0061B76F /* Expense Tracker */ = {
			isa = PBXGroup;
			children = (
				D0819825283B459B0061B76F /* Expense_TrackerApp.swift */,
				D0819827283B459B0061B76F /* ContentView.swift */,
				D0819840283B68C10061B76F /* RecentTransactionList.swift */,
				D0819839283B4F430061B76F /* TransactionRow.swift */,
				D0819842283B75F70061B76F /* TransactionList.swift */,
				D0819835283B4CEE0061B76F /* TransactionModel.swift */,
				D081983E283B59A60061B76F /* TransactionListViewModel.swift */,
				D0819833283B47C40061B76F /* Extensions.swift */,
				D0819829283B459E0061B76F /* Assets.xcassets */,
				D081982B283B459E0061B76F /* Preview Content */,
			);
			path = "Expense Tracker";
			sourceTree = "<group>";
		};
		D081982B283B459E0061B76F /* Preview Content */ = {
			isa = PBXGroup;
			children = (
				D081982C283B459E0061B76F /* Preview Assets.xcassets */,
				D0819837283B4E2F0061B76F /* PreviewData.swift */,
			);
			path = "Preview Content";
			sourceTree = "<group>";
		};
/* End PBXGroup section */

/* Begin PBXNativeTarget section */
		D0819821283B459B0061B76F /* Expense Tracker */ = {
			isa = PBXNativeTarget;
			buildConfigurationList = D0819830283B459E0061B76F /* Build configuration list for PBXNativeTarget "Expense Tracker" */;
			buildPhases = (
				D081981E283B459B0061B76F /* Sources */,
				D081981F283B459B0061B76F /* Frameworks */,
				D0819820283B459B0061B76F /* Resources */,
			);
			buildRules = (
			);
			dependencies = (
			);
			name = "Expense Tracker";
			packageProductDependencies = (
				D081983C283B58800061B76F /* SwiftUIFontIcon */,
				D0819849283B7D870061B76F /* SwiftUICharts */,
				D081984C283B7F890061B76F /* Collections */,
			);
			productName = "Expense Tracker";
			productReference = D0819822283B459B0061B76F /* Expense Tracker.app */;
			productType = "com.apple.product-type.application";
		};
/* End PBXNativeTarget section */

/* Begin PBXProject section */
		D081981A283B459B0061B76F /* Project object */ = {
			isa = PBXProject;
			attributes = {
				BuildIndependentTargetsInParallel = 1;
				LastSwiftUpdateCheck = 1330;
				LastUpgradeCheck = 1330;
				TargetAttributes = {
					D0819821283B459B0061B76F = {
						CreatedOnToolsVersion = 13.3.1;
					};
				};
			};
			buildConfigurationList = D081981D283B459B0061B76F /* Build configuration list for PBXProject "Expense Tracker" */;
			compatibilityVersion = "Xcode 13.0";
			developmentRegion = en;
			hasScannedForEncodings = 0;
			knownRegions = (
				en,
				Base,
			);
			mainGroup = D0819819283B459B0061B76F;
			packageReferences = (
				D081983B283B58800061B76F /* XCRemoteSwiftPackageReference "SwiftUIFontIcon" */,
				D0819848283B7D870061B76F /* XCRemoteSwiftPackageReference "ChartView" */,
				D081984B283B7F890061B76F /* XCRemoteSwiftPackageReference "swift-collections" */,
			);
			productRefGroup = D0819823283B459B0061B76F /* Products */;
			projectDirPath = "";
			projectRoot = "";
			targets = (
				D0819821283B459B0061B76F /* Expense Tracker */,
			);
		};
/* End PBXProject section */

/* Begin PBXResourcesBuildPhase section */
		D0819820283B459B0061B76F /* Resources */ = {
			isa = PBXResourcesBuildPhase;
			buildActionMask = 2147483647;
			files = (
				D081982D283B459E0061B76F /* Preview Assets.xcassets in Resources */,
				D081982A283B459E0061B76F /* Assets.xcassets in Resources */,
			);
			runOnlyForDeploymentPostprocessing = 0;
		};
/* End PBXResourcesBuildPhase section */

/* Begin PBXSourcesBuildPhase section */
		D081981E283B459B0061B76F /* Sources */ = {
			isa = PBXSourcesBuildPhase;
			buildActionMask = 2147483647;
			files = (
				D0819838283B4E2F0061B76F /* PreviewData.swift in Sources */,
				D0819843283B75F70061B76F /* TransactionList.swift in Sources */,
				D0819841283B68C10061B76F /* RecentTransactionList.swift in Sources */,
				D0819836283B4CEE0061B76F /* TransactionModel.swift in Sources */,
				D0819828283B459B0061B76F /* ContentView.swift in Sources */,
				D081983A283B4F430061B76F /* TransactionRow.swift in Sources */,
				D0819834283B47C40061B76F /* Extensions.swift in Sources */,
				D081983F283B59A60061B76F /* TransactionListViewModel.swift in Sources */,
				D0819826283B459B0061B76F /* Expense_TrackerApp.swift in Sources */,
			);
			runOnlyForDeploymentPostprocessing = 0;
		};
/* End PBXSourcesBuildPhase section */

/* Begin XCBuildConfiguration section */
		D081982E283B459E0061B76F /* Debug */ = {
			isa = XCBuildConfiguration;
			buildSettings = {
				ALWAYS_SEARCH_USER_PATHS = NO;
				CLANG_ANALYZER_NONNULL = YES;
				CLANG_ANALYZER_NUMBER_OBJECT_CONVERSION = YES_AGGRESSIVE;
				CLANG_CXX_LANGUAGE_STANDARD = "gnu++17";
				CLANG_ENABLE_MODULES = YES;
				CLANG_ENABLE_OBJC_ARC = YES;
				CLANG_ENABLE_OBJC_WEAK = YES;
				CLANG_WARN_BLOCK_CAPTURE_AUTORELEASING = YES;
				CLANG_WARN_BOOL_CONVERSION = YES;
				CLANG_WARN_COMMA = YES;
				CLANG_WARN_CONSTANT_CONVERSION = YES;
				CLANG_WARN_DEPRECATED_OBJC_IMPLEMENTATIONS = YES;
				CLANG_WARN_DIRECT_OBJC_ISA_USAGE = YES_ERROR;
				CLANG_WARN_DOCUMENTATION_COMMENTS = YES;
				CLANG_WARN_EMPTY_BODY = YES;
				CLANG_WARN_ENUM_CONVERSION = YES;
				CLANG_WARN_INFINITE_RECURSION = YES;
				CLANG_WARN_INT_CONVERSION = YES;
				CLANG_WARN_NON_LITERAL_NULL_CONVERSION = YES;
				CLANG_WARN_OBJC_IMPLICIT_RETAIN_SELF = YES;
				CLANG_WARN_OBJC_LITERAL_CONVERSION = YES;
				CLANG_WARN_OBJC_ROOT_CLASS = YES_ERROR;
				CLANG_WARN_QUOTED_INCLUDE_IN_FRAMEWORK_HEADER = YES;
				CLANG_WARN_RANGE_LOOP_ANALYSIS = YES;
				CLANG_WARN_STRICT_PROTOTYPES = YES;
				CLANG_WARN_SUSPICIOUS_MOVE = YES;
				CLANG_WARN_UNGUARDED_AVAILABILITY = YES_AGGRESSIVE;
				CLANG_WARN_UNREACHABLE_CODE = YES;
				CLANG_WARN__DUPLICATE_METHOD_MATCH = YES;
				COPY_PHASE_STRIP = NO;
				DEBUG_INFORMATION_FORMAT = dwarf;
				ENABLE_STRICT_OBJC_MSGSEND = YES;
				ENABLE_TESTABILITY = YES;
				GCC_C_LANGUAGE_STANDARD = gnu11;
				GCC_DYNAMIC_NO_PIC = NO;
				GCC_NO_COMMON_BLOCKS = YES;
				GCC_OPTIMIZATION_LEVEL = 0;
				GCC_PREPROCESSOR_DEFINITIONS = (
					"DEBUG=1",
					"$(inherited)",
				);
				GCC_WARN_64_TO_32_BIT_CONVERSION = YES;
				GCC_WARN_ABOUT_RETURN_TYPE = YES_ERROR;
				GCC_WARN_UNDECLARED_SELECTOR = YES;
				GCC_WARN_UNINITIALIZED_AUTOS = YES_AGGRESSIVE;
				GCC_WARN_UNUSED_FUNCTION = YES;
				GCC_WARN_UNUSED_VARIABLE = YES;
				IPHONEOS_DEPLOYMENT_TARGET = 15.4;
				MTL_ENABLE_DEBUG_INFO = INCLUDE_SOURCE;
				MTL_FAST_MATH = YES;
				ONLY_ACTIVE_ARCH = YES;
				SDKROOT = iphoneos;
				SWIFT_ACTIVE_COMPILATION_CONDITIONS = DEBUG;
				SWIFT_OPTIMIZATION_LEVEL = "-Onone";
			};
			name = Debug;
		};
		D081982F283B459E0061B76F /* Release */ = {
			isa = XCBuildConfiguration;
			buildSettings = {
				ALWAYS_SEARCH_USER_PATHS = NO;
				CLANG_ANALYZER_NONNULL = YES;
				CLANG_ANALYZER_NUMBER_OBJECT_CONVERSION = YES_AGGRESSIVE;
				CLANG_CXX_LANGUAGE_STANDARD = "gnu++17";
				CLANG_ENABLE_MODULES = YES;
				CLANG_ENABLE_OBJC_ARC = YES;
				CLANG_ENABLE_OBJC_WEAK = YES;
				CLANG_WARN_BLOCK_CAPTURE_AUTORELEASING = YES;
				CLANG_WARN_BOOL_CONVERSION = YES;
				CLANG_WARN_COMMA = YES;
				CLANG_WARN_CONSTANT_CONVERSION = YES;
				CLANG_WARN_DEPRECATED_OBJC_IMPLEMENTATIONS = YES;
				CLANG_WARN_DIRECT_OBJC_ISA_USAGE = YES_ERROR;
				CLANG_WARN_DOCUMENTATION_COMMENTS = YES;
				CLANG_WARN_EMPTY_BODY = YES;
				CLANG_WARN_ENUM_CONVERSION = YES;
				CLANG_WARN_INFINITE_RECURSION = YES;
				CLANG_WARN_INT_CONVERSION = YES;
				CLANG_WARN_NON_LITERAL_NULL_CONVERSION = YES;
				CLANG_WARN_OBJC_IMPLICIT_RETAIN_SELF = YES;
				CLANG_WARN_OBJC_LITERAL_CONVERSION = YES;
				CLANG_WARN_OBJC_ROOT_CLASS = YES_ERROR;
				CLANG_WARN_QUOTED_INCLUDE_IN_FRAMEWORK_HEADER = YES;
				CLANG_WARN_RANGE_LOOP_ANALYSIS = YES;
				CLANG_WARN_STRICT_PROTOTYPES = YES;
				CLANG_WARN_SUSPICIOUS_MOVE = YES;
				CLANG_WARN_UNGUARDED_AVAILABILITY = YES_AGGRESSIVE;
				CLANG_WARN_UNREACHABLE_CODE = YES;
				CLANG_WARN__DUPLICATE_METHOD_MATCH = YES;
				COPY_PHASE_STRIP = NO;
				DEBUG_INFORMATION_FORMAT = "dwarf-with-dsym";
				ENABLE_NS_ASSERTIONS = NO;
				ENABLE_STRICT_OBJC_MSGSEND = YES;
				GCC_C_LANGUAGE_STANDARD = gnu11;
				GCC_NO_COMMON_BLOCKS = YES;
				GCC_WARN_64_TO_32_BIT_CONVERSION = YES;
				GCC_WARN_ABOUT_RETURN_TYPE = YES_ERROR;
				GCC_WARN_UNDECLARED_SELECTOR = YES;
				GCC_WARN_UNINITIALIZED_AUTOS = YES_AGGRESSIVE;
				GCC_WARN_UNUSED_FUNCTION = YES;
				GCC_WARN_UNUSED_VARIABLE = YES;
				IPHONEOS_DEPLOYMENT_TARGET = 15.4;
				MTL_ENABLE_DEBUG_INFO = NO;
				MTL_FAST_MATH = YES;
				SDKROOT = iphoneos;
				SWIFT_COMPILATION_MODE = wholemodule;
				SWIFT_OPTIMIZATION_LEVEL = "-O";
				VALIDATE_PRODUCT = YES;
			};
			name = Release;
		};
		D0819831283B459E0061B76F /* Debug */ = {
			isa = XCBuildConfiguration;
			buildSettings = {
				ASSETCATALOG_COMPILER_APPICON_NAME = AppIcon;
				ASSETCATALOG_COMPILER_GLOBAL_ACCENT_COLOR_NAME = AccentColor;
				CODE_SIGN_STYLE = Automatic;
				CURRENT_PROJECT_VERSION = 1;
				DEVELOPMENT_ASSET_PATHS = "\"Expense Tracker/Preview Content\"";
				DEVELOPMENT_TEAM = 2VBR9DN2Q2;
				ENABLE_PREVIEWS = YES;
				GENERATE_INFOPLIST_FILE = YES;
				INFOPLIST_KEY_UIApplicationSceneManifest_Generation = YES;
				INFOPLIST_KEY_UIApplicationSupportsIndirectInputEvents = YES;
				INFOPLIST_KEY_UILaunchScreen_Generation = YES;
				INFOPLIST_KEY_UISupportedInterfaceOrientations_iPad = "UIInterfaceOrientationPortrait UIInterfaceOrientationPortraitUpsideDown UIInterfaceOrientationLandscapeLeft UIInterfaceOrientationLandscapeRight";
				INFOPLIST_KEY_UISupportedInterfaceOrientations_iPhone = "UIInterfaceOrientationPortrait UIInterfaceOrientationLandscapeLeft UIInterfaceOrientationLandscapeRight";
				LD_RUNPATH_SEARCH_PATHS = (
					"$(inherited)",
					"@executable_path/Frameworks",
				);
				MARKETING_VERSION = 1.0;
				PRODUCT_BUNDLE_IDENTIFIER = "iam.xiaoyuanlv.Expense-Tracker";
				PRODUCT_NAME = "$(TARGET_NAME)";
				SWIFT_EMIT_LOC_STRINGS = YES;
				SWIFT_VERSION = 5.0;
				TARGETED_DEVICE_FAMILY = "1,2";
			};
			name = Debug;
		};
		D0819832283B459E0061B76F /* Release */ = {
			isa = XCBuildConfiguration;
			buildSettings = {
				ASSETCATALOG_COMPILER_APPICON_NAME = AppIcon;
				ASSETCATALOG_COMPILER_GLOBAL_ACCENT_COLOR_NAME = AccentColor;
				CODE_SIGN_STYLE = Automatic;
				CURRENT_PROJECT_VERSION = 1;
				DEVELOPMENT_ASSET_PATHS = "\"Expense Tracker/Preview Content\"";
				DEVELOPMENT_TEAM = 2VBR9DN2Q2;
				ENABLE_PREVIEWS = YES;
				GENERATE_INFOPLIST_FILE = YES;
				INFOPLIST_KEY_UIApplicationSceneManifest_Generation = YES;
				INFOPLIST_KEY_UIApplicationSupportsIndirectInputEvents = YES;
				INFOPLIST_KEY_UILaunchScreen_Generation = YES;
				INFOPLIST_KEY_UISupportedInterfaceOrientations_iPad = "UIInterfaceOrientationPortrait UIInterfaceOrientationPortraitUpsideDown UIInterfaceOrientationLandscapeLeft UIInterfaceOrientationLandscapeRight";
				INFOPLIST_KEY_UISupportedInterfaceOrientations_iPhone = "UIInterfaceOrientationPortrait UIInterfaceOrientationLandscapeLeft UIInterfaceOrientationLandscapeRight";
				LD_RUNPATH_SEARCH_PATHS = (
					"$(inherited)",
					"@executable_path/Frameworks",
				);
				MARKETING_VERSION = 1.0;
				PRODUCT_BUNDLE_IDENTIFIER = "iam.xiaoyuanlv.Expense-Tracker";
				PRODUCT_NAME = "$(TARGET_NAME)";
				SWIFT_EMIT_LOC_STRINGS = YES;
				SWIFT_VERSION = 5.0;
				TARGETED_DEVICE_FAMILY = "1,2";
			};
			name = Release;
		};
/* End XCBuildConfiguration section */

/* Begin XCConfigurationList section */
		D081981D283B459B0061B76F /* Build configuration list for PBXProject "Expense Tracker" */ = {
			isa = XCConfigurationList;
			buildConfigurations = (
				D081982E283B459E0061B76F /* Debug */,
				D081982F283B459E0061B76F /* Release */,
			);
			defaultConfigurationIsVisible = 0;
			defaultConfigurationName = Release;
		};
		D0819830283B459E0061B76F /* Build configuration list for PBXNativeTarget "Expense Tracker" */ = {
			isa = XCConfigurationList;
			buildConfigurations = (
				D0819831283B459E0061B76F /* Debug */,
				D0819832283B459E0061B76F /* Release */,
			);
			defaultConfigurationIsVisible = 0;
			defaultConfigurationName = Release;
		};
/* End XCConfigurationList section */

/* Begin XCRemoteSwiftPackageReference section */
		D081983B283B58800061B76F /* XCRemoteSwiftPackageReference "SwiftUIFontIcon" */ = {
			isa = XCRemoteSwiftPackageReference;
			repositoryURL = "https://github.com/huybuidac/SwiftUIFontIcon";
			requirement = {
				branch = master;
				kind = branch;
			};
		};
		D0819848283B7D870061B76F /* XCRemoteSwiftPackageReference "ChartView" */ = {
			isa = XCRemoteSwiftPackageReference;
			repositoryURL = "https://github.com/AppPear/ChartView";
			requirement = {
				kind = exactVersion;
				version = "2.0.0-beta.2";
			};
		};
		D081984B283B7F890061B76F /* XCRemoteSwiftPackageReference "swift-collections" */ = {
			isa = XCRemoteSwiftPackageReference;
			repositoryURL = "https://github.com/apple/swift-collections.git";
			requirement = {
				kind = upToNextMajorVersion;
				minimumVersion = 1.0.2;
			};
		};
/* End XCRemoteSwiftPackageReference section */

/* Begin XCSwiftPackageProductDependency section */
		D081983C283B58800061B76F /* SwiftUIFontIcon */ = {
			isa = XCSwiftPackageProductDependency;
			package = D081983B283B58800061B76F /* XCRemoteSwiftPackageReference "SwiftUIFontIcon" */;
			productName = SwiftUIFontIcon;
		};
		D0819849283B7D870061B76F /* SwiftUICharts */ = {
			isa = XCSwiftPackageProductDependency;
			package = D0819848283B7D870061B76F /* XCRemoteSwiftPackageReference "ChartView" */;
			productName = SwiftUICharts;
		};
		D081984C283B7F890061B76F /* Collections */ = {
			isa = XCSwiftPackageProductDependency;
			package = D081984B283B7F890061B76F /* XCRemoteSwiftPackageReference "swift-collections" */;
			productName = Collections;
		};
/* End XCSwiftPackageProductDependency section */
	};
	rootObject = D081981A283B459B0061B76F /* Project object */;
}
